
Microsoft Visual Studio Solution File, Format Version 12.00
# Visual Studio Version 17
VisualStudioVersion = 17.13.35828.75 d17.13
MinimumVisualStudioVersion = 10.0.40219.1
Project("{FAE04EC0-301F-11D3-BF4B-00C04F79EFBC}") = "TypingGame", "TypingGame\TypingGame.csproj", "{B429C32B-F743-4124-B521-2A6E147F04E4}"
EndProject
Global
	GlobalSection(SolutionConfigurationPlatforms) = preSolution
		Debug|Any CPU = Debug|Any CPU
		Release|Any CPU = Release|Any CPU
	EndGlobalSection
	GlobalSection(ProjectConfigurationPlatforms) = postSolution
		{B429C32B-F743-4124-B521-2A6E147F04E4}.Debug|Any CPU.ActiveCfg = Debug|Any CPU
		{B429C32B-F743-4124-B521-2A6E147F04E4}.Debug|Any CPU.Build.0 = Debug|Any CPU
		{B429C32B-F743-4124-B521-2A6E147F04E4}.Release|Any CPU.ActiveCfg = Release|Any CPU
		{B429C32B-F743-4124-B521-2A6E147F04E4}.Release|Any CPU.Build.0 = Release|Any CPU
	EndGlobalSection
	GlobalSection(SolutionProperties) = preSolution
		HideSolutionNode = FALSE
	EndGlobalSection
	GlobalSection(ExtensibilityGlobals) = postSolution
		SolutionGuid = {CA38A948-BDED-428D-BD6A-1E1307A54D1B}
	EndGlobalSection
EndGlobal
